{
  "nodes": {
    "home-manager": {
      "inputs": {
        "nixpkgs": [
          "nixpkgs"
        ]
      },
      "locked": {
        "lastModified": 1758463745,
        "narHash": "sha256-uhzsV0Q0I9j2y/rfweWeGif5AWe0MGrgZ/3TjpDYdGA=",
        "owner": "nix-community",
        "repo": "home-manager",
        "rev": "3b955f5f0a942f9f60cdc9cacb7844335d0f21c3",
        "type": "github"
      },
      "original": {
        "owner": "nix-community",
        "ref": "release-25.05",
        "repo": "home-manager",
        "type": "github"
      }
    },
    "home-manager_2": {
      "inputs": {
        "nixpkgs": [
          "zen-browser",
          "nixpkgs"
        ]
      },
      "locked": {
        "lastModified": 1759519282,
        "narHash": "sha256-Wj76KLk49eRS086h6Fh0si95P6qqpzO7Gno9/nI336E=",
        "owner": "nix-community",
        "repo": "home-manager",
        "rev": "bd92e8ee4a6031ca3dd836c91dc41c13fca1e533",
        "type": "github"
      },
      "original": {
        "owner": "nix-community",
        "repo": "home-manager",
        "type": "github"
      }
    },
    "nixpkgs": {
      "locked": {
        "lastModified": 1759143472,
        "narHash": "sha256-TvODmeR2W7yX/JmOCmP+lAFNkTT7hAxYcF3Kz8SZV3w=",
        "owner": "NixOS",
        "repo": "nixpkgs",
        "rev": "5ed4e25ab58fd4c028b59d5611e14ea64de51d23",
        "type": "github"
      },
      "original": {
        "owner": "NixOS",
        "ref": "nixos-25.05",
        "repo": "nixpkgs",
        "type": "github"
      }
    },
    "root": {
      "inputs": {
        "home-manager": "home-manager",
        "nixpkgs": "nixpkgs",
        "zen-browser": "zen-browser"
      }
    },
    "zen-browser": {
      "inputs": {
        "home-manager": "home-manager_2",
        "nixpkgs": [
          "nixpkgs"
        ]
      },
      "locked": {
        "lastModified": 1759465332,
        "narHash": "sha256-F1aMvAAdJ45uIakvAoB0iVKBgvKCb2KI7h7WsSif0LA=",
        "owner": "0xc000022070",
        "repo": "zen-browser-flake",
        "rev": "868224641705f51399cd72cafa332fb19d793967",
        "type": "github"
      },
      "original": {
        "owner": "0xc000022070",
        "repo": "zen-browser-flake",
        "type": "github"
      }
    }
  },
  "root": "root",
  "version": 7
}
